
Microsoft Visual Studio Solution File, Format Version 12.00
# Visual Studio Version 17
VisualStudioVersion = 17.0.31520.525
MinimumVisualStudioVersion = 10.0.40219.1
Project("{FAE04EC0-301F-11D3-BF4B-00C04F79EFBC}") = "XFMAUICustomRendererSample.Android", "XFMAUICustomRendererSample\XFMAUICustomRendererSample.Android\XFMAUICustomRendererSample.Android.csproj", "{53565D3F-1282-416B-B491-FD1C18D3548C}"
EndProject
Project("{FAE04EC0-301F-11D3-BF4B-00C04F79EFBC}") = "XFMAUICustomRendererSample.iOS", "XFMAUICustomRendererSample\XFMAUICustomRendererSample.iOS\XFMAUICustomRendererSample.iOS.csproj", "{E624C9AB-DAC2-4460-AE2A-98082CF26DA6}"
EndProject
Project("{9A19103F-16F7-4668-BE54-9A1E7A4F7556}") = "XFMAUICustomRendererSample", "XFMAUICustomRendererSample\XFMAUICustomRendererSample\XFMAUICustomRendererSample.csproj", "{2611402F-9DAB-4ADE-8D0E-F832B1725F5D}"
EndProject
Global
	GlobalSection(SolutionConfigurationPlatforms) = preSolution
		Debug|Any CPU = Debug|Any CPU
		Debug|iPhone = Debug|iPhone
		Debug|iPhoneSimulator = Debug|iPhoneSimulator
		Release|Any CPU = Release|Any CPU
		Release|iPhone = Release|iPhone
		Release|iPhoneSimulator = Release|iPhoneSimulator
	EndGlobalSection
	GlobalSection(ProjectConfigurationPlatforms) = postSolution
		{53565D3F-1282-416B-B491-FD1C18D3548C}.Debug|Any CPU.ActiveCfg = Debug|Any CPU
		{53565D3F-1282-416B-B491-FD1C18D3548C}.Debug|Any CPU.Build.0 = Debug|Any CPU
		{53565D3F-1282-416B-B491-FD1C18D3548C}.Debug|Any CPU.Deploy.0 = Debug|Any CPU
		{53565D3F-1282-416B-B491-FD1C18D3548C}.Debug|iPhone.ActiveCfg = Debug|Any CPU
		{53565D3F-1282-416B-B491-FD1C18D3548C}.Debug|iPhone.Build.0 = Debug|Any CPU
		{53565D3F-1282-416B-B491-FD1C18D3548C}.Debug|iPhone.Deploy.0 = Debug|Any CPU
		{53565D3F-1282-416B-B491-FD1C18D3548C}.Debug|iPhoneSimulator.ActiveCfg = Debug|Any CPU
		{53565D3F-1282-416B-B491-FD1C18D3548C}.Debug|iPhoneSimulator.Build.0 = Debug|Any CPU
		{53565D3F-1282-416B-B491-FD1C18D3548C}.Debug|iPhoneSimulator.Deploy.0 = Debug|Any CPU
		{53565D3F-1282-416B-B491-FD1C18D3548C}.Release|Any CPU.ActiveCfg = Release|Any CPU
		{53565D3F-1282-416B-B491-FD1C18D3548C}.Release|Any CPU.Build.0 = Release|Any CPU
		{53565D3F-1282-416B-B491-FD1C18D3548C}.Release|Any CPU.Deploy.0 = Release|Any CPU
		{53565D3F-1282-416B-B491-FD1C18D3548C}.Release|iPhone.ActiveCfg = Release|Any CPU
		{53565D3F-1282-416B-B491-FD1C18D3548C}.Release|iPhone.Build.0 = Release|Any CPU
		{53565D3F-1282-416B-B491-FD1C18D3548C}.Release|iPhone.Deploy.0 = Release|Any CPU
		{53565D3F-1282-416B-B491-FD1C18D3548C}.Release|iPhoneSimulator.ActiveCfg = Release|Any CPU
		{53565D3F-1282-416B-B491-FD1C18D3548C}.Release|iPhoneSimulator.Build.0 = Release|Any CPU
		{53565D3F-1282-416B-B491-FD1C18D3548C}.Release|iPhoneSimulator.Deploy.0 = Release|Any CPU
		{E624C9AB-DAC2-4460-AE2A-98082CF26DA6}.Debug|Any CPU.ActiveCfg = Debug|iPhone
		{E624C9AB-DAC2-4460-AE2A-98082CF26DA6}.Debug|Any CPU.Build.0 = Debug|iPhone
		{E624C9AB-DAC2-4460-AE2A-98082CF26DA6}.Debug|Any CPU.Deploy.0 = Debug|iPhone
		{E624C9AB-DAC2-4460-AE2A-98082CF26DA6}.Debug|iPhone.ActiveCfg = Debug|iPhone
		{E624C9AB-DAC2-4460-AE2A-98082CF26DA6}.Debug|iPhone.Build.0 = Debug|iPhone
		{E624C9AB-DAC2-4460-AE2A-98082CF26DA6}.Debug|iPhone.Deploy.0 = Debug|iPhone
		{E624C9AB-DAC2-4460-AE2A-98082CF26DA6}.Debug|iPhoneSimulator.ActiveCfg = Debug|iPhoneSimulator
		{E624C9AB-DAC2-4460-AE2A-98082CF26DA6}.Debug|iPhoneSimulator.Build.0 = Debug|iPhoneSimulator
		{E624C9AB-DAC2-4460-AE2A-98082CF26DA6}.Debug|iPhoneSimulator.Deploy.0 = Debug|iPhoneSimulator
		{E624C9AB-DAC2-4460-AE2A-98082CF26DA6}.Release|Any CPU.ActiveCfg = Release|iPhoneSimulator
		{E624C9AB-DAC2-4460-AE2A-98082CF26DA6}.Release|Any CPU.Build.0 = Release|iPhoneSimulator
		{E624C9AB-DAC2-4460-AE2A-98082CF26DA6}.Release|Any CPU.Deploy.0 = Release|iPhoneSimulator
		{E624C9AB-DAC2-4460-AE2A-98082CF26DA6}.Release|iPhone.ActiveCfg = Release|iPhone
		{E624C9AB-DAC2-4460-AE2A-98082CF26DA6}.Release|iPhone.Build.0 = Release|iPhone
		{E624C9AB-DAC2-4460-AE2A-98082CF26DA6}.Release|iPhone.Deploy.0 = Release|iPhone
		{E624C9AB-DAC2-4460-AE2A-98082CF26DA6}.Release|iPhoneSimulator.ActiveCfg = Release|iPhoneSimulator
		{E624C9AB-DAC2-4460-AE2A-98082CF26DA6}.Release|iPhoneSimulator.Build.0 = Release|iPhoneSimulator
		{E624C9AB-DAC2-4460-AE2A-98082CF26DA6}.Release|iPhoneSimulator.Deploy.0 = Release|iPhoneSimulator
		{2611402F-9DAB-4ADE-8D0E-F832B1725F5D}.Debug|Any CPU.ActiveCfg = Debug|Any CPU
		{2611402F-9DAB-4ADE-8D0E-F832B1725F5D}.Debug|Any CPU.Build.0 = Debug|Any CPU
		{2611402F-9DAB-4ADE-8D0E-F832B1725F5D}.Debug|Any CPU.Deploy.0 = Debug|Any CPU
		{2611402F-9DAB-4ADE-8D0E-F832B1725F5D}.Debug|iPhone.ActiveCfg = Debug|Any CPU
		{2611402F-9DAB-4ADE-8D0E-F832B1725F5D}.Debug|iPhone.Build.0 = Debug|Any CPU
		{2611402F-9DAB-4ADE-8D0E-F832B1725F5D}.Debug|iPhone.Deploy.0 = Debug|Any CPU
		{2611402F-9DAB-4ADE-8D0E-F832B1725F5D}.Debug|iPhoneSimulator.ActiveCfg = Debug|Any CPU
		{2611402F-9DAB-4ADE-8D0E-F832B1725F5D}.Debug|iPhoneSimulator.Build.0 = Debug|Any CPU
		{2611402F-9DAB-4ADE-8D0E-F832B1725F5D}.Debug|iPhoneSimulator.Deploy.0 = Debug|Any CPU
		{2611402F-9DAB-4ADE-8D0E-F832B1725F5D}.Release|Any CPU.ActiveCfg = Release|Any CPU
		{2611402F-9DAB-4ADE-8D0E-F832B1725F5D}.Release|Any CPU.Build.0 = Release|Any CPU
		{2611402F-9DAB-4ADE-8D0E-F832B1725F5D}.Release|Any CPU.Deploy.0 = Release|Any CPU
		{2611402F-9DAB-4ADE-8D0E-F832B1725F5D}.Release|iPhone.ActiveCfg = Release|Any CPU
		{2611402F-9DAB-4ADE-8D0E-F832B1725F5D}.Release|iPhone.Build.0 = Release|Any CPU
		{2611402F-9DAB-4ADE-8D0E-F832B1725F5D}.Release|iPhone.Deploy.0 = Release|Any CPU
		{2611402F-9DAB-4ADE-8D0E-F832B1725F5D}.Release|iPhoneSimulator.ActiveCfg = Release|Any CPU
		{2611402F-9DAB-4ADE-8D0E-F832B1725F5D}.Release|iPhoneSimulator.Build.0 = Release|Any CPU
		{2611402F-9DAB-4ADE-8D0E-F832B1725F5D}.Release|iPhoneSimulator.Deploy.0 = Release|Any CPU
	EndGlobalSection
	GlobalSection(SolutionProperties) = preSolution
		HideSolutionNode = FALSE
	EndGlobalSection
	GlobalSection(ExtensibilityGlobals) = postSolution
		SolutionGuid = {37D79465-EAF7-4520-B3A8-2159E57C110B}
	EndGlobalSection
EndGlobal
